
Microsoft Visual Studio Solution File, Format Version 12.00
# Visual Studio Version 17
VisualStudioVersion = 17.12.35209.166
MinimumVisualStudioVersion = 10.0.40219.1
Project("{FAE04EC0-301F-11D3-BF4B-00C04F79EFBC}") = "IMS.WebApp", "IMS.WebApp\IMS.WebApp.csproj", "{88568027-510D-4DE1-9C32-7189FC3C4A36}"
EndProject
Project("{FAE04EC0-301F-11D3-BF4B-00C04F79EFBC}") = "IMS.UseCases", "IMS.UseCases\IMS.UseCases.csproj", "{51652B47-A6CF-4C7E-8CB9-A33EA3A0F98B}"
EndProject
Project("{FAE04EC0-301F-11D3-BF4B-00C04F79EFBC}") = "IMS.Business", "IMS.Business\IMS.Business.csproj", "{1AA69D80-279B-48D5-8E2C-9194A6D106ED}"
EndProject
Project("{2150E333-8FDC-42A3-9474-1A3956D46DE8}") = "IMS.Plugins", "IMS.Plugins", "{E249F73B-7961-472D-9D11-C8747D235D2C}"
EndProject
Project("{FAE04EC0-301F-11D3-BF4B-00C04F79EFBC}") = "IMS.Plugins.InMemory", "IMS.Plugins\IMS.Plugins.InMemory\IMS.Plugins.InMemory.csproj", "{B905B8A1-C798-424E-A0D9-071CBCE4E0C2}"
EndProject
Global
	GlobalSection(SolutionConfigurationPlatforms) = preSolution
		Debug|Any CPU = Debug|Any CPU
		Release|Any CPU = Release|Any CPU
	EndGlobalSection
	GlobalSection(ProjectConfigurationPlatforms) = postSolution
		{88568027-510D-4DE1-9C32-7189FC3C4A36}.Debug|Any CPU.ActiveCfg = Debug|Any CPU
		{88568027-510D-4DE1-9C32-7189FC3C4A36}.Debug|Any CPU.Build.0 = Debug|Any CPU
		{88568027-510D-4DE1-9C32-7189FC3C4A36}.Release|Any CPU.ActiveCfg = Release|Any CPU
		{88568027-510D-4DE1-9C32-7189FC3C4A36}.Release|Any CPU.Build.0 = Release|Any CPU
		{51652B47-A6CF-4C7E-8CB9-A33EA3A0F98B}.Debug|Any CPU.ActiveCfg = Debug|Any CPU
		{51652B47-A6CF-4C7E-8CB9-A33EA3A0F98B}.Debug|Any CPU.Build.0 = Debug|Any CPU
		{51652B47-A6CF-4C7E-8CB9-A33EA3A0F98B}.Release|Any CPU.ActiveCfg = Release|Any CPU
		{51652B47-A6CF-4C7E-8CB9-A33EA3A0F98B}.Release|Any CPU.Build.0 = Release|Any CPU
		{1AA69D80-279B-48D5-8E2C-9194A6D106ED}.Debug|Any CPU.ActiveCfg = Debug|Any CPU
		{1AA69D80-279B-48D5-8E2C-9194A6D106ED}.Debug|Any CPU.Build.0 = Debug|Any CPU
		{1AA69D80-279B-48D5-8E2C-9194A6D106ED}.Release|Any CPU.ActiveCfg = Release|Any CPU
		{1AA69D80-279B-48D5-8E2C-9194A6D106ED}.Release|Any CPU.Build.0 = Release|Any CPU
		{B905B8A1-C798-424E-A0D9-071CBCE4E0C2}.Debug|Any CPU.ActiveCfg = Debug|Any CPU
		{B905B8A1-C798-424E-A0D9-071CBCE4E0C2}.Debug|Any CPU.Build.0 = Debug|Any CPU
		{B905B8A1-C798-424E-A0D9-071CBCE4E0C2}.Release|Any CPU.ActiveCfg = Release|Any CPU
		{B905B8A1-C798-424E-A0D9-071CBCE4E0C2}.Release|Any CPU.Build.0 = Release|Any CPU
	EndGlobalSection
	GlobalSection(SolutionProperties) = preSolution
		HideSolutionNode = FALSE
	EndGlobalSection
	GlobalSection(NestedProjects) = preSolution
		{B905B8A1-C798-424E-A0D9-071CBCE4E0C2} = {E249F73B-7961-472D-9D11-C8747D235D2C}
	EndGlobalSection
	GlobalSection(ExtensibilityGlobals) = postSolution
		SolutionGuid = {F6502BA9-5B36-418E-BE01-F1BACD41CADE}
	EndGlobalSection
EndGlobal
